lockfileVersion: '6.0'

dependencies:
  react:
    specifier: ^18.2.0
    version: 18.2.0
  react-dom:
    specifier: ^18.2.0
    version: 18.2.0(react@18.2.0)
  reactflow:
    specifier: ^11.7.0
    version: 11.7.0(react-dom@18.2.0)(react@18.2.0)

devDependencies:
  '@types/react':
    specifier: ^18.0.28
    version: 18.0.28
  '@types/react-dom':
    specifier: ^18.0.11
    version: 18.0.11
  '@vitejs/plugin-react-swc':
    specifier: ^3.0.0
    version: 3.0.0(@swc/helpers@0.5.0)(vite@4.2.0)
  typescript:
    specifier: ^4.9.3
    version: 4.9.3
  vite:
    specifier: ^4.2.0
    version: 4.2.0

packages:

  /@esbuild/android-arm64@0.17.15:
    resolution: {integrity: sha512-0kOB6Y7Br3KDVgHeg8PRcvfLkq+AccreK///B4Z6fNZGr/tNHX0z2VywCc7PTeWp+bPvjA5WMvNXltHw5QjAIA==, tarball: https://packages.atlassian.com/api/npm/npm-remote/@esbuild/android-arm64/-/android-arm64-0.17.15.tgz}
    engines: {node: '>=12'}
    requiresBuild: true
    dev: true
    optional: true

  /@esbuild/android-arm@0.17.15:
    resolution: {integrity: sha512-sRSOVlLawAktpMvDyJIkdLI/c/kdRTOqo8t6ImVxg8yT7LQDUYV5Rp2FKeEosLr6ZCja9UjYAzyRSxGteSJPYg==, tarball: https://packages.atlassian.com/api/npm/npm-remote/@esbuild/android-arm/-/android-arm-0.17.15.tgz}
    engines: {node: '>=12'}
    requiresBuild: true
    dev: true
    optional: true

  /@esbuild/android-x64@0.17.15:
    resolution: {integrity: sha512-MzDqnNajQZ63YkaUWVl9uuhcWyEyh69HGpMIrf+acR4otMkfLJ4sUCxqwbCyPGicE9dVlrysI3lMcDBjGiBBcQ==, tarball: https://packages.atlassian.com/api/npm/npm-remote/@esbuild/android-x64/-/android-x64-0.17.15.tgz}
    engines: {node: '>=12'}
    requiresBuild: true
    dev: true
    optional: true

  /@esbuild/darwin-arm64@0.17.15:
    resolution: {integrity: sha512-7siLjBc88Z4+6qkMDxPT2juf2e8SJxmsbNVKFY2ifWCDT72v5YJz9arlvBw5oB4W/e61H1+HDB/jnu8nNg0rLA==, tarball: https://packages.atlassian.com/api/npm/npm-remote/@esbuild/darwin-arm64/-/darwin-arm64-0.17.15.tgz}
    engines: {node: '>=12'}
    requiresBuild: true
    dev: true
    optional: true

  /@esbuild/darwin-x64@0.17.15:
    resolution: {integrity: sha512-NbImBas2rXwYI52BOKTW342Tm3LTeVlaOQ4QPZ7XuWNKiO226DisFk/RyPk3T0CKZkKMuU69yOvlapJEmax7cg==, tarball: https://packages.atlassian.com/api/npm/npm-remote/@esbuild/darwin-x64/-/darwin-x64-0.17.15.tgz}
    engines: {node: '>=12'}
    requiresBuild: true
    dev: true
    optional: true

  /@esbuild/freebsd-arm64@0.17.15:
    resolution: {integrity: sha512-Xk9xMDjBVG6CfgoqlVczHAdJnCs0/oeFOspFap5NkYAmRCT2qTn1vJWA2f419iMtsHSLm+O8B6SLV/HlY5cYKg==, tarball: https://packages.atlassian.com/api/npm/npm-remote/@esbuild/freebsd-arm64/-/freebsd-arm64-0.17.15.tgz}
    engines: {node: '>=12'}
    requiresBuild: true
    dev: true
    optional: true

  /@esbuild/freebsd-x64@0.17.15:
    resolution: {integrity: sha512-3TWAnnEOdclvb2pnfsTWtdwthPfOz7qAfcwDLcfZyGJwm1SRZIMOeB5FODVhnM93mFSPsHB9b/PmxNNbSnd0RQ==, tarball: https://packages.atlassian.com/api/npm/npm-remote/@esbuild/freebsd-x64/-/freebsd-x64-0.17.15.tgz}
    engines: {node: '>=12'}
    requiresBuild: true
    dev: true
    optional: true

  /@esbuild/linux-arm64@0.17.15:
    resolution: {integrity: sha512-T0MVnYw9KT6b83/SqyznTs/3Jg2ODWrZfNccg11XjDehIved2oQfrX/wVuev9N936BpMRaTR9I1J0tdGgUgpJA==, tarball: https://packages.atlassian.com/api/npm/npm-remote/@esbuild/linux-arm64/-/linux-arm64-0.17.15.tgz}
    engines: {node: '>=12'}
    requiresBuild: true
    dev: true
    optional: true

  /@esbuild/linux-arm@0.17.15:
    resolution: {integrity: sha512-MLTgiXWEMAMr8nmS9Gigx43zPRmEfeBfGCwxFQEMgJ5MC53QKajaclW6XDPjwJvhbebv+RzK05TQjvH3/aM4Xw==, tarball: https://packages.atlassian.com/api/npm/npm-remote/@esbuild/linux-arm/-/linux-arm-0.17.15.tgz}
    engines: {node: '>=12'}
    requiresBuild: true
    dev: true
    optional: true

  /@esbuild/linux-ia32@0.17.15:
    resolution: {integrity: sha512-wp02sHs015T23zsQtU4Cj57WiteiuASHlD7rXjKUyAGYzlOKDAjqK6bk5dMi2QEl/KVOcsjwL36kD+WW7vJt8Q==, tarball: https://packages.atlassian.com/api/npm/npm-remote/@esbuild/linux-ia32/-/linux-ia32-0.17.15.tgz}
    engines: {node: '>=12'}
    requiresBuild: true
    dev: true
    optional: true

  /@esbuild/linux-loong64@0.17.15:
    resolution: {integrity: sha512-k7FsUJjGGSxwnBmMh8d7IbObWu+sF/qbwc+xKZkBe/lTAF16RqxRCnNHA7QTd3oS2AfGBAnHlXL67shV5bBThQ==, tarball: https://packages.atlassian.com/api/npm/npm-remote/@esbuild/linux-loong64/-/linux-loong64-0.17.15.tgz}
    engines: {node: '>=12'}
    requiresBuild: true
    dev: true
    optional: true

  /@esbuild/linux-mips64el@0.17.15:
    resolution: {integrity: sha512-ZLWk6czDdog+Q9kE/Jfbilu24vEe/iW/Sj2d8EVsmiixQ1rM2RKH2n36qfxK4e8tVcaXkvuV3mU5zTZviE+NVQ==, tarball: https://packages.atlassian.com/api/npm/npm-remote/@esbuild/linux-mips64el/-/linux-mips64el-0.17.15.tgz}
    engines: {node: '>=12'}
    requiresBuild: true
    dev: true
    optional: true

  /@esbuild/linux-ppc64@0.17.15:
    resolution: {integrity: sha512-mY6dPkIRAiFHRsGfOYZC8Q9rmr8vOBZBme0/j15zFUKM99d4ILY4WpOC7i/LqoY+RE7KaMaSfvY8CqjJtuO4xg==, tarball: https://packages.atlassian.com/api/npm/npm-remote/@esbuild/linux-ppc64/-/linux-ppc64-0.17.15.tgz}
    engines: {node: '>=12'}
    requiresBuild: true
    dev: true
    optional: true

  /@esbuild/linux-riscv64@0.17.15:
    resolution: {integrity: sha512-EcyUtxffdDtWjjwIH8sKzpDRLcVtqANooMNASO59y+xmqqRYBBM7xVLQhqF7nksIbm2yHABptoioS9RAbVMWVA==, tarball: https://packages.atlassian.com/api/npm/npm-remote/@esbuild/linux-riscv64/-/linux-riscv64-0.17.15.tgz}
    engines: {node: '>=12'}
    requiresBuild: true
    dev: true
    optional: true

  /@esbuild/linux-s390x@0.17.15:
    resolution: {integrity: sha512-BuS6Jx/ezxFuHxgsfvz7T4g4YlVrmCmg7UAwboeyNNg0OzNzKsIZXpr3Sb/ZREDXWgt48RO4UQRDBxJN3B9Rbg==, tarball: https://packages.atlassian.com/api/npm/npm-remote/@esbuild/linux-s390x/-/linux-s390x-0.17.15.tgz}
    engines: {node: '>=12'}
    requiresBuild: true
    dev: true
    optional: true

  /@esbuild/linux-x64@0.17.15:
    resolution: {integrity: sha512-JsdS0EgEViwuKsw5tiJQo9UdQdUJYuB+Mf6HxtJSPN35vez1hlrNb1KajvKWF5Sa35j17+rW1ECEO9iNrIXbNg==, tarball: https://packages.atlassian.com/api/npm/npm-remote/@esbuild/linux-x64/-/linux-x64-0.17.15.tgz}
    engines: {node: '>=12'}
    requiresBuild: true
    dev: true
    optional: true

  /@esbuild/netbsd-x64@0.17.15:
    resolution: {integrity: sha512-R6fKjtUysYGym6uXf6qyNephVUQAGtf3n2RCsOST/neIwPqRWcnc3ogcielOd6pT+J0RDR1RGcy0ZY7d3uHVLA==, tarball: https://packages.atlassian.com/api/npm/npm-remote/@esbuild/netbsd-x64/-/netbsd-x64-0.17.15.tgz}
    engines: {node: '>=12'}
    requiresBuild: true
    dev: true
    optional: true

  /@esbuild/openbsd-x64@0.17.15:
    resolution: {integrity: sha512-mVD4PGc26b8PI60QaPUltYKeSX0wxuy0AltC+WCTFwvKCq2+OgLP4+fFd+hZXzO2xW1HPKcytZBdjqL6FQFa7w==, tarball: https://packages.atlassian.com/api/npm/npm-remote/@esbuild/openbsd-x64/-/openbsd-x64-0.17.15.tgz}
    engines: {node: '>=12'}
    requiresBuild: true
    dev: true
    optional: true

  /@esbuild/sunos-x64@0.17.15:
    resolution: {integrity: sha512-U6tYPovOkw3459t2CBwGcFYfFRjivcJJc1WC8Q3funIwX8x4fP+R6xL/QuTPNGOblbq/EUDxj9GU+dWKX0oWlQ==, tarball: https://packages.atlassian.com/api/npm/npm-remote/@esbuild/sunos-x64/-/sunos-x64-0.17.15.tgz}
    engines: {node: '>=12'}
    requiresBuild: true
    dev: true
    optional: true

  /@esbuild/win32-arm64@0.17.15:
    resolution: {integrity: sha512-W+Z5F++wgKAleDABemiyXVnzXgvRFs+GVKThSI+mGgleLWluv0D7Diz4oQpgdpNzh4i2nNDzQtWbjJiqutRp6Q==, tarball: https://packages.atlassian.com/api/npm/npm-remote/@esbuild/win32-arm64/-/win32-arm64-0.17.15.tgz}
    engines: {node: '>=12'}
    requiresBuild: true
    dev: true
    optional: true

  /@esbuild/win32-ia32@0.17.15:
    resolution: {integrity: sha512-Muz/+uGgheShKGqSVS1KsHtCyEzcdOn/W/Xbh6H91Etm+wiIfwZaBn1W58MeGtfI8WA961YMHFYTthBdQs4t+w==, tarball: https://packages.atlassian.com/api/npm/npm-remote/@esbuild/win32-ia32/-/win32-ia32-0.17.15.tgz}
    engines: {node: '>=12'}
    requiresBuild: true
    dev: true
    optional: true

  /@esbuild/win32-x64@0.17.15:
    resolution: {integrity: sha512-DjDa9ywLUUmjhV2Y9wUTIF+1XsmuFGvZoCmOWkli1XcNAh5t25cc7fgsCx4Zi/Uurep3TTLyDiKATgGEg61pkA==, tarball: https://packages.atlassian.com/api/npm/npm-remote/@esbuild/win32-x64/-/win32-x64-0.17.15.tgz}
    engines: {node: '>=12'}
    requiresBuild: true
    dev: true
    optional: true

  /@reactflow/background@11.2.0(react-dom@18.2.0)(react@18.2.0):
    resolution: {integrity: sha512-Fd8Few2JsLuE/2GaIM6fkxEBaAJvfzi2Lc106HKi/ddX+dZs8NUsSwMsJy1Ajs8b4GbiX8v8axfKpbK6qFMV8w==, tarball: https://packages.atlassian.com/api/npm/npm-remote/@reactflow/background/-/background-11.2.0.tgz}
    peerDependencies:
      react: '>=17'
      react-dom: '>=17'
    dependencies:
      '@reactflow/core': 11.7.0(react-dom@18.2.0)(react@18.2.0)
      classcat: 5.0.4
      react: 18.2.0
      react-dom: 18.2.0(react@18.2.0)
      zustand: 4.3.7(react@18.2.0)
    transitivePeerDependencies:
      - immer
    dev: false

  /@reactflow/controls@11.1.11(react-dom@18.2.0)(react@18.2.0):
    resolution: {integrity: sha512-g6WrsszhNkQjzkJ9HbVUBkGGoUy2z8dQVgH6CYQEjuoonD15cWAPGvjyg8vx8oGG7CuktUhWu5JPivL6qjECow==, tarball: https://packages.atlassian.com/api/npm/npm-remote/@reactflow/controls/-/controls-11.1.11.tgz}
    peerDependencies:
      react: '>=17'
      react-dom: '>=17'
    dependencies:
      '@reactflow/core': 11.7.0(react-dom@18.2.0)(react@18.2.0)
      classcat: 5.0.4
      react: 18.2.0
      react-dom: 18.2.0(react@18.2.0)
    transitivePeerDependencies:
      - immer
    dev: false

  /@reactflow/core@11.7.0(react-dom@18.2.0)(react@18.2.0):
    resolution: {integrity: sha512-UJcpbNRSupSSoMWh5UmRp6UUr0ug7xVKmMvadnkKKiNi9584q57nz4HMfkqwN3/ESbre7LD043yh2n678d/5FQ==, tarball: https://packages.atlassian.com/api/npm/npm-remote/@reactflow/core/-/core-11.7.0.tgz}
    peerDependencies:
      react: '>=17'
      react-dom: '>=17'
    dependencies:
      '@types/d3': 7.4.0
      '@types/d3-drag': 3.0.2
      '@types/d3-selection': 3.0.5
      '@types/d3-zoom': 3.0.2
      classcat: 5.0.4
      d3-drag: 3.0.0
      d3-selection: 3.0.0
      d3-zoom: 3.0.0
      react: 18.2.0
      react-dom: 18.2.0(react@18.2.0)
      zustand: 4.3.7(react@18.2.0)
    transitivePeerDependencies:
      - immer
    dev: false

  /@reactflow/minimap@11.5.0(react-dom@18.2.0)(react@18.2.0):
    resolution: {integrity: sha512-n/3tlaknLpi3zaqCC+tDDPvUTOjd6jglto9V3RB1F2wlaUEbCwmuoR2GYTkiRyZMvuskKyAoQW8+0DX0+cWwsA==, tarball: https://packages.atlassian.com/api/npm/npm-remote/@reactflow/minimap/-/minimap-11.5.0.tgz}
    peerDependencies:
      react: '>=17'
      react-dom: '>=17'
    dependencies:
      '@reactflow/core': 11.7.0(react-dom@18.2.0)(react@18.2.0)
      '@types/d3-selection': 3.0.5
      '@types/d3-zoom': 3.0.2
      classcat: 5.0.4
      d3-selection: 3.0.0
      d3-zoom: 3.0.0
      react: 18.2.0
      react-dom: 18.2.0(react@18.2.0)
      zustand: 4.3.7(react@18.2.0)
    transitivePeerDependencies:
      - immer
    dev: false

  /@reactflow/node-resizer@2.1.0(react-dom@18.2.0)(react@18.2.0):
    resolution: {integrity: sha512-DVL8nnWsltP8/iANadAcTaDB4wsEkx2mOLlBEPNE3yc5loSm3u9l5m4enXRcBym61MiMuTtDPzZMyYYQUjuYIg==, tarball: https://packages.atlassian.com/api/npm/npm-remote/@reactflow/node-resizer/-/node-resizer-2.1.0.tgz}
    peerDependencies:
      react: '>=17'
      react-dom: '>=17'
    dependencies:
      '@reactflow/core': 11.7.0(react-dom@18.2.0)(react@18.2.0)
      classcat: 5.0.4
      d3-drag: 3.0.0
      d3-selection: 3.0.0
      react: 18.2.0
      react-dom: 18.2.0(react@18.2.0)
      zustand: 4.3.7(react@18.2.0)
    transitivePeerDependencies:
      - immer
    dev: false

  /@reactflow/node-toolbar@1.1.11(react-dom@18.2.0)(react@18.2.0):
    resolution: {integrity: sha512-+hKtx+cvXwfCa9paGxE+G34rWRIIVEh68ZOqAtivClVmfqGzH/sEoGWtIOUyg9OEDNE1nEmZ1NrnpBGSmHHXFg==, tarball: https://packages.atlassian.com/api/npm/npm-remote/@reactflow/node-toolbar/-/node-toolbar-1.1.11.tgz}
    peerDependencies:
      react: '>=17'
      react-dom: '>=17'
    dependencies:
      '@reactflow/core': 11.7.0(react-dom@18.2.0)(react@18.2.0)
      classcat: 5.0.4
      react: 18.2.0
      react-dom: 18.2.0(react@18.2.0)
      zustand: 4.3.7(react@18.2.0)
    transitivePeerDependencies:
      - immer
    dev: false

  /@swc/core-darwin-arm64@1.3.46:
    resolution: {integrity: sha512-kY4ASe7SsntDw2B1T70H9K1CFmK8POi+LyIpeCyC96EB9wbH2Sax+ploBB/wZALbYzr/dMJzOCU8QXzdmVS4Rg==, tarball: https://packages.atlassian.com/api/npm/npm-remote/@swc/core-darwin-arm64/-/core-darwin-arm64-1.3.46.tgz}
    engines: {node: '>=10'}
    requiresBuild: true
    dev: true
    optional: true

  /@swc/core-darwin-x64@1.3.46:
    resolution: {integrity: sha512-kE3PMk8xW+2BZ3oZiTxxsUU/GzrGwM+qS4frOBz9TYHZe+W1dTtj4F9vBit4PFJ+tv4O6DPt9neGobzdq0UmRw==, tarball: https://packages.atlassian.com/api/npm/npm-remote/@swc/core-darwin-x64/-/core-darwin-x64-1.3.46.tgz}
    engines: {node: '>=10'}
    requiresBuild: true
    dev: true
    optional: true

  /@swc/core-linux-arm-gnueabihf@1.3.46:
    resolution: {integrity: sha512-7TbiUr9MYxT+mC7sVrayag/isFoaZUG/ogkEK8B/ouA1pnIYqWh3N5ifqCzfcSRiOURt+vVqPyoO1puSiNzVuQ==, tarball: https://packages.atlassian.com/api/npm/npm-remote/@swc/core-linux-arm-gnueabihf/-/core-linux-arm-gnueabihf-1.3.46.tgz}
    engines: {node: '>=10'}
    requiresBuild: true
    dev: true
    optional: true

  /@swc/core-linux-arm64-gnu@1.3.46:
    resolution: {integrity: sha512-Ycw4LU/wsUK9R+Y/2qFOPQseZDfM5D5gbWGrrYj5RoTm57FbnUsSsO26QeZxUNvams1oAQDkZDuerCc9qBRzIQ==, tarball: https://packages.atlassian.com/api/npm/npm-remote/@swc/core-linux-arm64-gnu/-/core-linux-arm64-gnu-1.3.46.tgz}
    engines: {node: '>=10'}
    requiresBuild: true
    dev: true
    optional: true

  /@swc/core-linux-arm64-musl@1.3.46:
    resolution: {integrity: sha512-cBclyr6IW1PBr8l9D4FkebgbqlkiIYnSJCbY84J/6PfTzQlD6w9a1TAoYxdGZpJ7SGHdmB0oDiZS1rhxCSCV/Q==, tarball: https://packages.atlassian.com/api/npm/npm-remote/@swc/core-linux-arm64-musl/-/core-linux-arm64-musl-1.3.46.tgz}
    engines: {node: '>=10'}
    requiresBuild: true
    dev: true
    optional: true

  /@swc/core-linux-x64-gnu@1.3.46:
    resolution: {integrity: sha512-amqMhTA2CXB6t11hVAZSSPKq4DZ9/sWbW3wYYQHxzqrMJML0726OJs4pt0XnlU7FzdP/9M9j2B/gWCRaCMxXVA==, tarball: https://packages.atlassian.com/api/npm/npm-remote/@swc/core-linux-x64-gnu/-/core-linux-x64-gnu-1.3.46.tgz}
    engines: {node: '>=10'}
    requiresBuild: true
    dev: true
    optional: true

  /@swc/core-linux-x64-musl@1.3.46:
    resolution: {integrity: sha512-WOQZTIkJ9khIj5Z2unf6OTrWV9k8br+HZ93RvnamEmJBlLPUuT9IjB+agNhjaDgOpz9/ZldSGqV7vzl5FGQl1Q==, tarball: https://packages.atlassian.com/api/npm/npm-remote/@swc/core-linux-x64-musl/-/core-linux-x64-musl-1.3.46.tgz}
    engines: {node: '>=10'}
    requiresBuild: true
    dev: true
    optional: true

  /@swc/core-win32-arm64-msvc@1.3.46:
    resolution: {integrity: sha512-4JSREbqaTRQ6QO0EeoiB6G5vuFT8zI8aTOLu5At7Cvlw+X7bOGNO+wJ3Tqw7O+68OL+0bPHzHGTXKL9kUccY1A==, tarball: https://packages.atlassian.com/api/npm/npm-remote/@swc/core-win32-arm64-msvc/-/core-win32-arm64-msvc-1.3.46.tgz}
    engines: {node: '>=10'}
    requiresBuild: true
    dev: true
    optional: true

  /@swc/core-win32-ia32-msvc@1.3.46:
    resolution: {integrity: sha512-kC8dIDzcArm1e85yHJsEZFxcNq5NztLkrqkP1nVOQ+9QXD9DKhjbZtWy2gnpclinii6KEGng8SieWiJiOA0CBQ==, tarball: https://packages.atlassian.com/api/npm/npm-remote/@swc/core-win32-ia32-msvc/-/core-win32-ia32-msvc-1.3.46.tgz}
    engines: {node: '>=10'}
    requiresBuild: true
    dev: true
    optional: true

  /@swc/core-win32-x64-msvc@1.3.46:
    resolution: {integrity: sha512-rrSAfq+DvpJioBxUsnuH+sKl0eXid1DwkwNzkVGHEreN9GoP7GospWtFq7VDcO6DrS/s3HtR4/TzoIYFEBCRIg==, tarball: https://packages.atlassian.com/api/npm/npm-remote/@swc/core-win32-x64-msvc/-/core-win32-x64-msvc-1.3.46.tgz}
    engines: {node: '>=10'}
    requiresBuild: true
    dev: true
    optional: true

  /@swc/core@1.3.46(@swc/helpers@0.5.0):
    resolution: {integrity: sha512-WxzgJMWUBVJ95HsvEqlWzM3Qxp2FQrPa4QdAkQQuuvCMnfdctGUbhX/c3LiSRlWrl2LIkYAi4bLansTOol4QcQ==, tarball: https://packages.atlassian.com/api/npm/npm-remote/@swc/core/-/core-1.3.46.tgz}
    engines: {node: '>=10'}
    requiresBuild: true
    peerDependencies:
      '@swc/helpers': ^0.5.0
    dependencies:
      '@swc/helpers': 0.5.0
    optionalDependencies:
      '@swc/core-darwin-arm64': 1.3.46
      '@swc/core-darwin-x64': 1.3.46
      '@swc/core-linux-arm-gnueabihf': 1.3.46
      '@swc/core-linux-arm64-gnu': 1.3.46
      '@swc/core-linux-arm64-musl': 1.3.46
      '@swc/core-linux-x64-gnu': 1.3.46
      '@swc/core-linux-x64-musl': 1.3.46
      '@swc/core-win32-arm64-msvc': 1.3.46
      '@swc/core-win32-ia32-msvc': 1.3.46
      '@swc/core-win32-x64-msvc': 1.3.46
    dev: true

  /@swc/helpers@0.5.0:
    resolution: {integrity: sha512-SjY/p4MmECVVEWspzSRpQEM3sjR17sP8PbGxELWrT+YZMBfiUyt1MRUNjMV23zohwlG2HYtCQOsCwsTHguXkyg==, tarball: https://packages.atlassian.com/api/npm/npm-remote/@swc/helpers/-/helpers-0.5.0.tgz}
    dependencies:
      tslib: 2.5.0
    dev: true

  /@types/d3-array@3.0.4:
    resolution: {integrity: sha512-nwvEkG9vYOc0Ic7G7kwgviY4AQlTfYGIZ0fqB7CQHXGyYM6nO7kJh5EguSNA3jfh4rq7Sb7eMVq8isuvg2/miQ==, tarball: https://packages.atlassian.com/api/npm/npm-remote/@types/d3-array/-/d3-array-3.0.4.tgz}
    dev: false

  /@types/d3-axis@3.0.2:
    resolution: {integrity: sha512-uGC7DBh0TZrU/LY43Fd8Qr+2ja1FKmH07q2FoZFHo1eYl8aj87GhfVoY1saJVJiq24rp1+wpI6BvQJMKgQm8oA==, tarball: https://packages.atlassian.com/api/npm/npm-remote/@types/d3-axis/-/d3-axis-3.0.2.tgz}
    dependencies:
      '@types/d3-selection': 3.0.5
    dev: false

  /@types/d3-brush@3.0.2:
    resolution: {integrity: sha512-2TEm8KzUG3N7z0TrSKPmbxByBx54M+S9lHoP2J55QuLU0VSQ9mE96EJSAOVNEqd1bbynMjeTS9VHmz8/bSw8rA==, tarball: https://packages.atlassian.com/api/npm/npm-remote/@types/d3-brush/-/d3-brush-3.0.2.tgz}
    dependencies:
      '@types/d3-selection': 3.0.5
    dev: false

  /@types/d3-chord@3.0.2:
    resolution: {integrity: sha512-abT/iLHD3sGZwqMTX1TYCMEulr+wBd0SzyOQnjYNLp7sngdOHYtNkMRI5v3w5thoN+BWtlHVDx2Osvq6fxhZWw==, tarball: https://packages.atlassian.com/api/npm/npm-remote/@types/d3-chord/-/d3-chord-3.0.2.tgz}
    dev: false

  /@types/d3-color@3.1.0:
    resolution: {integrity: sha512-HKuicPHJuvPgCD+np6Se9MQvS6OCbJmOjGvylzMJRlDwUXjKTTXs6Pwgk79O09Vj/ho3u1ofXnhFOaEWWPrlwA==, tarball: https://packages.atlassian.com/api/npm/npm-remote/@types/d3-color/-/d3-color-3.1.0.tgz}
    dev: false

  /@types/d3-contour@3.0.2:
    resolution: {integrity: sha512-k6/bGDoAGJZnZWaKzeB+9glgXCYGvh6YlluxzBREiVo8f/X2vpTEdgPy9DN7Z2i42PZOZ4JDhVdlTSTSkLDPlQ==, tarball: https://packages.atlassian.com/api/npm/npm-remote/@types/d3-contour/-/d3-contour-3.0.2.tgz}
    dependencies:
      '@types/d3-array': 3.0.4
      '@types/geojson': 7946.0.10
    dev: false

  /@types/d3-delaunay@6.0.1:
    resolution: {integrity: sha512-tLxQ2sfT0p6sxdG75c6f/ekqxjyYR0+LwPrsO1mbC9YDBzPJhs2HbJJRrn8Ez1DBoHRo2yx7YEATI+8V1nGMnQ==, tarball: https://packages.atlassian.com/api/npm/npm-remote/@types/d3-delaunay/-/d3-delaunay-6.0.1.tgz}
    dev: false

  /@types/d3-dispatch@3.0.2:
    resolution: {integrity: sha512-rxN6sHUXEZYCKV05MEh4z4WpPSqIw+aP7n9ZN6WYAAvZoEAghEK1WeVZMZcHRBwyaKflU43PCUAJNjFxCzPDjg==, tarball: https://packages.atlassian.com/api/npm/npm-remote/@types/d3-dispatch/-/d3-dispatch-3.0.2.tgz}
    dev: false

  /@types/d3-drag@3.0.2:
    resolution: {integrity: sha512-qmODKEDvyKWVHcWWCOVcuVcOwikLVsyc4q4EBJMREsoQnR2Qoc2cZQUyFUPgO9q4S3qdSqJKBsuefv+h0Qy+tw==, tarball: https://packages.atlassian.com/api/npm/npm-remote/@types/d3-drag/-/d3-drag-3.0.2.tgz}
    dependencies:
      '@types/d3-selection': 3.0.5
    dev: false

  /@types/d3-dsv@3.0.1:
    resolution: {integrity: sha512-76pBHCMTvPLt44wFOieouXcGXWOF0AJCceUvaFkxSZEu4VDUdv93JfpMa6VGNFs01FHfuP4a5Ou68eRG1KBfTw==, tarball: https://packages.atlassian.com/api/npm/npm-remote/@types/d3-dsv/-/d3-dsv-3.0.1.tgz}
    dev: false

  /@types/d3-ease@3.0.0:
    resolution: {integrity: sha512-aMo4eaAOijJjA6uU+GIeW018dvy9+oH5Y2VPPzjjfxevvGQ/oRDs+tfYC9b50Q4BygRR8yE2QCLsrT0WtAVseA==, tarball: https://packages.atlassian.com/api/npm/npm-remote/@types/d3-ease/-/d3-ease-3.0.0.tgz}
    dev: false

  /@types/d3-fetch@3.0.2:
    resolution: {integrity: sha512-gllwYWozWfbep16N9fByNBDTkJW/SyhH6SGRlXloR7WdtAaBui4plTP+gbUgiEot7vGw/ZZop1yDZlgXXSuzjA==, tarball: https://packages.atlassian.com/api/npm/npm-remote/@types/d3-fetch/-/d3-fetch-3.0.2.tgz}
    dependencies:
      '@types/d3-dsv': 3.0.1
    dev: false

  /@types/d3-force@3.0.4:
    resolution: {integrity: sha512-q7xbVLrWcXvSBBEoadowIUJ7sRpS1yvgMWnzHJggFy5cUZBq2HZL5k/pBSm0GdYWS1vs5/EDwMjSKF55PDY4Aw==, tarball: https://packages.atlassian.com/api/npm/npm-remote/@types/d3-force/-/d3-force-3.0.4.tgz}
    dev: false

  /@types/d3-format@3.0.1:
    resolution: {integrity: sha512-5KY70ifCCzorkLuIkDe0Z9YTf9RR2CjBX1iaJG+rgM/cPP+sO+q9YdQ9WdhQcgPj1EQiJ2/0+yUkkziTG6Lubg==, tarball: https://packages.atlassian.com/api/npm/npm-remote/@types/d3-format/-/d3-format-3.0.1.tgz}
    dev: false

  /@types/d3-geo@3.0.3:
    resolution: {integrity: sha512-bK9uZJS3vuDCNeeXQ4z3u0E7OeJZXjUgzFdSOtNtMCJCLvDtWDwfpRVWlyt3y8EvRzI0ccOu9xlMVirawolSCw==, tarball: https://packages.atlassian.com/api/npm/npm-remote/@types/d3-geo/-/d3-geo-3.0.3.tgz}
    dependencies:
      '@types/geojson': 7946.0.10
    dev: false

  /@types/d3-hierarchy@3.1.2:
    resolution: {integrity: sha512-9hjRTVoZjRFR6xo8igAJyNXQyPX6Aq++Nhb5ebrUF414dv4jr2MitM2fWiOY475wa3Za7TOS2Gh9fmqEhLTt0A==, tarball: https://packages.atlassian.com/api/npm/npm-remote/@types/d3-hierarchy/-/d3-hierarchy-3.1.2.tgz}
    dev: false

  /@types/d3-interpolate@3.0.1:
    resolution: {integrity: sha512-jx5leotSeac3jr0RePOH1KdR9rISG91QIE4Q2PYTu4OymLTZfA3SrnURSLzKH48HmXVUru50b8nje4E79oQSQw==, tarball: https://packages.atlassian.com/api/npm/npm-remote/@types/d3-interpolate/-/d3-interpolate-3.0.1.tgz}
    dependencies:
      '@types/d3-color': 3.1.0
    dev: false

  /@types/d3-path@3.0.0:
    resolution: {integrity: sha512-0g/A+mZXgFkQxN3HniRDbXMN79K3CdTpLsevj+PXiTcb2hVyvkZUBg37StmgCQkaD84cUJ4uaDAWq7UJOQy2Tg==, tarball: https://packages.atlassian.com/api/npm/npm-remote/@types/d3-path/-/d3-path-3.0.0.tgz}
    dev: false

  /@types/d3-polygon@3.0.0:
    resolution: {integrity: sha512-D49z4DyzTKXM0sGKVqiTDTYr+DHg/uxsiWDAkNrwXYuiZVd9o9wXZIo+YsHkifOiyBkmSWlEngHCQme54/hnHw==, tarball: https://packages.atlassian.com/api/npm/npm-remote/@types/d3-polygon/-/d3-polygon-3.0.0.tgz}
    dev: false

  /@types/d3-quadtree@3.0.2:
    resolution: {integrity: sha512-QNcK8Jguvc8lU+4OfeNx+qnVy7c0VrDJ+CCVFS9srBo2GL9Y18CnIxBdTF3v38flrGy5s1YggcoAiu6s4fLQIw==, tarball: https://packages.atlassian.com/api/npm/npm-remote/@types/d3-quadtree/-/d3-quadtree-3.0.2.tgz}
    dev: false

  /@types/d3-random@3.0.1:
    resolution: {integrity: sha512-IIE6YTekGczpLYo/HehAy3JGF1ty7+usI97LqraNa8IiDur+L44d0VOjAvFQWJVdZOJHukUJw+ZdZBlgeUsHOQ==, tarball: https://packages.atlassian.com/api/npm/npm-remote/@types/d3-random/-/d3-random-3.0.1.tgz}
    dev: false

  /@types/d3-scale-chromatic@3.0.0:
    resolution: {integrity: sha512-dsoJGEIShosKVRBZB0Vo3C8nqSDqVGujJU6tPznsBJxNJNwMF8utmS83nvCBKQYPpjCzaaHcrf66iTRpZosLPw==, tarball: https://packages.atlassian.com/api/npm/npm-remote/@types/d3-scale-chromatic/-/d3-scale-chromatic-3.0.0.tgz}
    dev: false

  /@types/d3-scale@4.0.3:
    resolution: {integrity: sha512-PATBiMCpvHJSMtZAMEhc2WyL+hnzarKzI6wAHYjhsonjWJYGq5BXTzQjv4l8m2jO183/4wZ90rKvSeT7o72xNQ==, tarball: https://packages.atlassian.com/api/npm/npm-remote/@types/d3-scale/-/d3-scale-4.0.3.tgz}
    dependencies:
      '@types/d3-time': 3.0.0
    dev: false

  /@types/d3-selection@3.0.5:
    resolution: {integrity: sha512-xCB0z3Hi8eFIqyja3vW8iV01+OHGYR2di/+e+AiOcXIOrY82lcvWW8Ke1DYE/EUVMsBl4Db9RppSBS3X1U6J0w==, tarball: https://packages.atlassian.com/api/npm/npm-remote/@types/d3-selection/-/d3-selection-3.0.5.tgz}
    dev: false

  /@types/d3-shape@3.1.1:
    resolution: {integrity: sha512-6Uh86YFF7LGg4PQkuO2oG6EMBRLuW9cbavUW46zkIO5kuS2PfTqo2o9SkgtQzguBHbLgNnU90UNsITpsX1My+A==, tarball: https://packages.atlassian.com/api/npm/npm-remote/@types/d3-shape/-/d3-shape-3.1.1.tgz}
    dependencies:
      '@types/d3-path': 3.0.0
    dev: false

  /@types/d3-time-format@4.0.0:
    resolution: {integrity: sha512-yjfBUe6DJBsDin2BMIulhSHmr5qNR5Pxs17+oW4DoVPyVIXZ+m6bs7j1UVKP08Emv6jRmYrYqxYzO63mQxy1rw==, tarball: https://packages.atlassian.com/api/npm/npm-remote/@types/d3-time-format/-/d3-time-format-4.0.0.tgz}
    dev: false

  /@types/d3-time@3.0.0:
    resolution: {integrity: sha512-sZLCdHvBUcNby1cB6Fd3ZBrABbjz3v1Vm90nysCQ6Vt7vd6e/h9Lt7SiJUoEX0l4Dzc7P5llKyhqSi1ycSf1Hg==, tarball: https://packages.atlassian.com/api/npm/npm-remote/@types/d3-time/-/d3-time-3.0.0.tgz}
    dev: false

  /@types/d3-timer@3.0.0:
    resolution: {integrity: sha512-HNB/9GHqu7Fo8AQiugyJbv6ZxYz58wef0esl4Mv828w1ZKpAshw/uFWVDUcIB9KKFeFKoxS3cHY07FFgtTRZ1g==, tarball: https://packages.atlassian.com/api/npm/npm-remote/@types/d3-timer/-/d3-timer-3.0.0.tgz}
    dev: false

  /@types/d3-transition@3.0.3:
    resolution: {integrity: sha512-/S90Od8Id1wgQNvIA8iFv9jRhCiZcGhPd2qX0bKF/PS+y0W5CrXKgIiELd2CvG1mlQrWK/qlYh3VxicqG1ZvgA==, tarball: https://packages.atlassian.com/api/npm/npm-remote/@types/d3-transition/-/d3-transition-3.0.3.tgz}
    dependencies:
      '@types/d3-selection': 3.0.5
    dev: false

  /@types/d3-zoom@3.0.2:
    resolution: {integrity: sha512-t09DDJVBI6AkM7N8kuPsnq/3d/ehtRKBN1xSiYjjMCgbiw6HM6Ged5VhvswmhprfKyGvzeTEL/4WBaK9llWvlA==, tarball: https://packages.atlassian.com/api/npm/npm-remote/@types/d3-zoom/-/d3-zoom-3.0.2.tgz}
    dependencies:
      '@types/d3-interpolate': 3.0.1
      '@types/d3-selection': 3.0.5
    dev: false

  /@types/d3@7.4.0:
    resolution: {integrity: sha512-jIfNVK0ZlxcuRDKtRS/SypEyOQ6UHaFQBKv032X45VvxSJ6Yi5G9behy9h6tNTHTDGh5Vq+KbmBjUWLgY4meCA==, tarball: https://packages.atlassian.com/api/npm/npm-remote/@types/d3/-/d3-7.4.0.tgz}
    dependencies:
      '@types/d3-array': 3.0.4
      '@types/d3-axis': 3.0.2
      '@types/d3-brush': 3.0.2
      '@types/d3-chord': 3.0.2
      '@types/d3-color': 3.1.0
      '@types/d3-contour': 3.0.2
      '@types/d3-delaunay': 6.0.1
      '@types/d3-dispatch': 3.0.2
      '@types/d3-drag': 3.0.2
      '@types/d3-dsv': 3.0.1
      '@types/d3-ease': 3.0.0
      '@types/d3-fetch': 3.0.2
      '@types/d3-force': 3.0.4
      '@types/d3-format': 3.0.1
      '@types/d3-geo': 3.0.3
      '@types/d3-hierarchy': 3.1.2
      '@types/d3-interpolate': 3.0.1
      '@types/d3-path': 3.0.0
      '@types/d3-polygon': 3.0.0
      '@types/d3-quadtree': 3.0.2
      '@types/d3-random': 3.0.1
      '@types/d3-scale': 4.0.3
      '@types/d3-scale-chromatic': 3.0.0
      '@types/d3-selection': 3.0.5
      '@types/d3-shape': 3.1.1
      '@types/d3-time': 3.0.0
      '@types/d3-time-format': 4.0.0
      '@types/d3-timer': 3.0.0
      '@types/d3-transition': 3.0.3
      '@types/d3-zoom': 3.0.2
    dev: false

  /@types/geojson@7946.0.10:
    resolution: {integrity: sha512-Nmh0K3iWQJzniTuPRcJn5hxXkfB1T1pgB89SBig5PlJQU5yocazeu4jATJlaA0GYFKWMqDdvYemoSnF2pXgLVA==, tarball: https://packages.atlassian.com/api/npm/npm-remote/@types/geojson/-/geojson-7946.0.10.tgz}
    dev: false

  /@types/prop-types@15.7.5:
    resolution: {integrity: sha512-JCB8C6SnDoQf0cNycqd/35A7MjcnK+ZTqE7judS6o7utxUCg6imJg3QK2qzHKszlTjcj2cn+NwMB2i96ubpj7w==, tarball: https://packages.atlassian.com/api/npm/npm-remote/@types/prop-types/-/prop-types-15.7.5.tgz}
    dev: true

  /@types/react-dom@18.0.11:
    resolution: {integrity: sha512-O38bPbI2CWtgw/OoQoY+BRelw7uysmXbWvw3nLWO21H1HSh+GOlqPuXshJfjmpNlKiiSDG9cc1JZAaMmVdcTlw==, tarball: https://packages.atlassian.com/api/npm/npm-remote/@types/react-dom/-/react-dom-18.0.11.tgz}
    dependencies:
      '@types/react': 18.0.28
    dev: true

  /@types/react@18.0.28:
    resolution: {integrity: sha512-RD0ivG1kEztNBdoAK7lekI9M+azSnitIn85h4iOiaLjaTrMjzslhaqCGaI4IyCJ1RljWiLCEu4jyrLLgqxBTew==, tarball: https://packages.atlassian.com/api/npm/npm-remote/@types/react/-/react-18.0.28.tgz}
    dependencies:
      '@types/prop-types': 15.7.5
      '@types/scheduler': 0.16.3
      csstype: 3.1.2
    dev: true

  /@types/scheduler@0.16.3:
    resolution: {integrity: sha512-5cJ8CB4yAx7BH1oMvdU0Jh9lrEXyPkar6F9G/ERswkCuvP4KQZfZkSjcMbAICCpQTN4OuZn8tz0HiKv9TGZgrQ==, tarball: https://packages.atlassian.com/api/npm/npm-remote/@types/scheduler/-/scheduler-0.16.3.tgz}
    dev: true

  /@vitejs/plugin-react-swc@3.0.0(@swc/helpers@0.5.0)(vite@4.2.0):
    resolution: {integrity: sha512-vYlodz/mjYRbxMGbHzDgR8aPR+z8n7K/enWkyBGH096xrL2DIPCuTvQVRYPTXGyy6wO7OFiMxZ3r4nKQD1sH0A==, tarball: https://packages.atlassian.com/api/npm/npm-remote/@vitejs/plugin-react-swc/-/plugin-react-swc-3.0.0.tgz}
    peerDependencies:
      vite: ^4.0.0
    dependencies:
      '@swc/core': 1.3.46(@swc/helpers@0.5.0)
      vite: 4.2.0
    transitivePeerDependencies:
      - '@swc/helpers'
    dev: true

  /classcat@5.0.4:
    resolution: {integrity: sha512-sbpkOw6z413p+HDGcBENe498WM9woqWHiJxCq7nvmxe9WmrUmqfAcxpIwAiMtM5Q3AhYkzXcNQHqsWq0mND51g==, tarball: https://packages.atlassian.com/api/npm/npm-remote/classcat/-/classcat-5.0.4.tgz}
    dev: false

  /csstype@3.1.2:
    resolution: {integrity: sha512-I7K1Uu0MBPzaFKg4nI5Q7Vs2t+3gWWW648spaF+Rg7pI9ds18Ugn+lvg4SHczUdKlHI5LWBXyqfS8+DufyBsgQ==, tarball: https://packages.atlassian.com/api/npm/npm-remote/csstype/-/csstype-3.1.2.tgz}
    dev: true

  /d3-color@3.1.0:
    resolution: {integrity: sha512-zg/chbXyeBtMQ1LbD/WSoW2DpC3I0mpmPdW+ynRTj/x2DAWYrIY7qeZIHidozwV24m4iavr15lNwIwLxRmOxhA==, tarball: https://packages.atlassian.com/api/npm/npm-remote/d3-color/-/d3-color-3.1.0.tgz}
    engines: {node: '>=12'}
    dev: false

  /d3-dispatch@3.0.1:
    resolution: {integrity: sha512-rzUyPU/S7rwUflMyLc1ETDeBj0NRuHKKAcvukozwhshr6g6c5d8zh4c2gQjY2bZ0dXeGLWc1PF174P2tVvKhfg==, tarball: https://packages.atlassian.com/api/npm/npm-remote/d3-dispatch/-/d3-dispatch-3.0.1.tgz}
    engines: {node: '>=12'}
    dev: false

  /d3-drag@3.0.0:
    resolution: {integrity: sha512-pWbUJLdETVA8lQNJecMxoXfH6x+mO2UQo8rSmZ+QqxcbyA3hfeprFgIT//HW2nlHChWeIIMwS2Fq+gEARkhTkg==, tarball: https://packages.atlassian.com/api/npm/npm-remote/d3-drag/-/d3-drag-3.0.0.tgz}
    engines: {node: '>=12'}
    dependencies:
      d3-dispatch: 3.0.1
      d3-selection: 3.0.0
    dev: false

  /d3-ease@3.0.1:
    resolution: {integrity: sha512-wR/XK3D3XcLIZwpbvQwQ5fK+8Ykds1ip7A2Txe0yxncXSdq1L9skcG7blcedkOX+ZcgxGAmLX1FrRGbADwzi0w==, tarball: https://packages.atlassian.com/api/npm/npm-remote/d3-ease/-/d3-ease-3.0.1.tgz}
    engines: {node: '>=12'}
    dev: false

  /d3-interpolate@3.0.1:
    resolution: {integrity: sha512-3bYs1rOD33uo8aqJfKP3JWPAibgw8Zm2+L9vBKEHJ2Rg+viTR7o5Mmv5mZcieN+FRYaAOWX5SJATX6k1PWz72g==, tarball: https://packages.atlassian.com/api/npm/npm-remote/d3-interpolate/-/d3-interpolate-3.0.1.tgz}
    engines: {node: '>=12'}
    dependencies:
      d3-color: 3.1.0
    dev: false

  /d3-selection@3.0.0:
    resolution: {integrity: sha512-fmTRWbNMmsmWq6xJV8D19U/gw/bwrHfNXxrIN+HfZgnzqTHp9jOmKMhsTUjXOJnZOdZY9Q28y4yebKzqDKlxlQ==, tarball: https://packages.atlassian.com/api/npm/npm-remote/d3-selection/-/d3-selection-3.0.0.tgz}
    engines: {node: '>=12'}
    dev: false

  /d3-timer@3.0.1:
    resolution: {integrity: sha512-ndfJ/JxxMd3nw31uyKoY2naivF+r29V+Lc0svZxe1JvvIRmi8hUsrMvdOwgS1o6uBHmiz91geQ0ylPP0aj1VUA==, tarball: https://packages.atlassian.com/api/npm/npm-remote/d3-timer/-/d3-timer-3.0.1.tgz}
    engines: {node: '>=12'}
    dev: false

  /d3-transition@3.0.1(d3-selection@3.0.0):
    resolution: {integrity: sha512-ApKvfjsSR6tg06xrL434C0WydLr7JewBB3V+/39RMHsaXTOG0zmt/OAXeng5M5LBm0ojmxJrpomQVZ1aPvBL4w==, tarball: https://packages.atlassian.com/api/npm/npm-remote/d3-transition/-/d3-transition-3.0.1.tgz}
    engines: {node: '>=12'}
    peerDependencies:
      d3-selection: 2 - 3
    dependencies:
      d3-color: 3.1.0
      d3-dispatch: 3.0.1
      d3-ease: 3.0.1
      d3-interpolate: 3.0.1
      d3-selection: 3.0.0
      d3-timer: 3.0.1
    dev: false

  /d3-zoom@3.0.0:
    resolution: {integrity: sha512-b8AmV3kfQaqWAuacbPuNbL6vahnOJflOhexLzMMNLga62+/nh0JzvJ0aO/5a5MVgUFGS7Hu1P9P03o3fJkDCyw==, tarball: https://packages.atlassian.com/api/npm/npm-remote/d3-zoom/-/d3-zoom-3.0.0.tgz}
    engines: {node: '>=12'}
    dependencies:
      d3-dispatch: 3.0.1
      d3-drag: 3.0.0
      d3-interpolate: 3.0.1
      d3-selection: 3.0.0
      d3-transition: 3.0.1(d3-selection@3.0.0)
    dev: false

  /esbuild@0.17.15:
    resolution: {integrity: sha512-LBUV2VsUIc/iD9ME75qhT4aJj0r75abCVS0jakhFzOtR7TQsqQA5w0tZ+KTKnwl3kXE0MhskNdHDh/I5aCR1Zw==, tarball: https://packages.atlassian.com/api/npm/npm-remote/esbuild/-/esbuild-0.17.15.tgz}
    engines: {node: '>=12'}
    hasBin: true
    requiresBuild: true
    optionalDependencies:
      '@esbuild/android-arm': 0.17.15
      '@esbuild/android-arm64': 0.17.15
      '@esbuild/android-x64': 0.17.15
      '@esbuild/darwin-arm64': 0.17.15
      '@esbuild/darwin-x64': 0.17.15
      '@esbuild/freebsd-arm64': 0.17.15
      '@esbuild/freebsd-x64': 0.17.15
      '@esbuild/linux-arm': 0.17.15
      '@esbuild/linux-arm64': 0.17.15
      '@esbuild/linux-ia32': 0.17.15
      '@esbuild/linux-loong64': 0.17.15
      '@esbuild/linux-mips64el': 0.17.15
      '@esbuild/linux-ppc64': 0.17.15
      '@esbuild/linux-riscv64': 0.17.15
      '@esbuild/linux-s390x': 0.17.15
      '@esbuild/linux-x64': 0.17.15
      '@esbuild/netbsd-x64': 0.17.15
      '@esbuild/openbsd-x64': 0.17.15
      '@esbuild/sunos-x64': 0.17.15
      '@esbuild/win32-arm64': 0.17.15
      '@esbuild/win32-ia32': 0.17.15
      '@esbuild/win32-x64': 0.17.15
    dev: true

  /fsevents@2.3.2:
    resolution: {integrity: sha512-xiqMQR4xAeHTuB9uWm+fFRcIOgKBMiOBP+eXiyT7jsgVCq1bkVygt00oASowB7EdtpOHaaPgKt812P9ab+DDKA==, tarball: https://packages.atlassian.com/api/npm/npm-remote/fsevents/-/fsevents-2.3.2.tgz}
    engines: {node: ^8.16.0 || ^10.6.0 || >=11.0.0}
    requiresBuild: true
    dev: true
    optional: true

  /function-bind@1.1.1:
    resolution: {integrity: sha512-yIovAzMX49sF8Yl58fSCWJ5svSLuaibPxXQJFLmBObTuCr0Mf1KiPopGM9NiFjiYBCbfaa2Fh6breQ6ANVTI0A==, tarball: https://packages.atlassian.com/api/npm/npm-remote/function-bind/-/function-bind-1.1.1.tgz}
    dev: true

  /has@1.0.3:
    resolution: {integrity: sha512-f2dvO0VU6Oej7RkWJGrehjbzMAjFp5/VKPp5tTpWIV4JHHZK1/BxbFRtf/siA2SWTe09caDmVtYYzWEIbBS4zw==, tarball: https://packages.atlassian.com/api/npm/npm-remote/has/-/has-1.0.3.tgz}
    engines: {node: '>= 0.4.0'}
    dependencies:
      function-bind: 1.1.1
    dev: true

  /is-core-module@2.11.0:
    resolution: {integrity: sha512-RRjxlvLDkD1YJwDbroBHMb+cukurkDWNyHx7D3oNB5x9rb5ogcksMC5wHCadcXoo67gVr/+3GFySh3134zi6rw==, tarball: https://packages.atlassian.com/api/npm/npm-remote/is-core-module/-/is-core-module-2.11.0.tgz}
    dependencies:
      has: 1.0.3
    dev: true

  /js-tokens@4.0.0:
    resolution: {integrity: sha512-RdJUflcE3cUzKiMqQgsCu06FPu9UdIJO0beYbPhHN4k6apgJtifcoCtT9bcxOpYBtpD2kCM6Sbzg4CausW/PKQ==, tarball: https://packages.atlassian.com/api/npm/npm-remote/js-tokens/-/js-tokens-4.0.0.tgz}
    dev: false

  /loose-envify@1.4.0:
    resolution: {integrity: sha512-lyuxPGr/Wfhrlem2CL/UcnUc1zcqKAImBDzukY7Y5F/yQiNdko6+fRLevlw1HgMySw7f611UIY408EtxRSoK3Q==, tarball: https://packages.atlassian.com/api/npm/npm-remote/loose-envify/-/loose-envify-1.4.0.tgz}
    hasBin: true
    dependencies:
      js-tokens: 4.0.0
    dev: false

  /nanoid@3.3.6:
    resolution: {integrity: sha512-BGcqMMJuToF7i1rt+2PWSNVnWIkGCU78jBG3RxO/bZlnZPK2Cmi2QaffxGO/2RvWi9sL+FAiRiXMgsyxQ1DIDA==, tarball: https://packages.atlassian.com/api/npm/npm-remote/nanoid/-/nanoid-3.3.6.tgz}
    engines: {node: ^10 || ^12 || ^13.7 || ^14 || >=15.0.1}
    hasBin: true
    dev: true

  /path-parse@1.0.7:
    resolution: {integrity: sha512-LDJzPVEEEPR+y48z93A0Ed0yXb8pAByGWo/k5YYdYgpY2/2EsOsksJrq7lOHxryrVOn1ejG6oAp8ahvOIQD8sw==, tarball: https://packages.atlassian.com/api/npm/npm-remote/path-parse/-/path-parse-1.0.7.tgz}
    dev: true

  /picocolors@1.0.0:
    resolution: {integrity: sha512-1fygroTLlHu66zi26VoTDv8yRgm0Fccecssto+MhsZ0D/DGW2sm8E8AjW7NU5VVTRt5GxbeZ5qBuJr+HyLYkjQ==, tarball: https://packages.atlassian.com/api/npm/npm-remote/picocolors/-/picocolors-1.0.0.tgz}
    dev: true

  /postcss@8.4.21:
    resolution: {integrity: sha512-tP7u/Sn/dVxK2NnruI4H9BG+x+Wxz6oeZ1cJ8P6G/PZY0IKk4k/63TDsQf2kQq3+qoJeLm2kIBUNlZe3zgb4Zg==, tarball: https://packages.atlassian.com/api/npm/npm-remote/postcss/-/postcss-8.4.21.tgz}
    engines: {node: ^10 || ^12 || >=14}
    dependencies:
      nanoid: 3.3.6
      picocolors: 1.0.0
      source-map-js: 1.0.2
    dev: true

  /react-dom@18.2.0(react@18.2.0):
    resolution: {integrity: sha512-6IMTriUmvsjHUjNtEDudZfuDQUoWXVxKHhlEGSk81n4YFS+r/Kl99wXiwlVXtPBtJenozv2P+hxDsw9eA7Xo6g==, tarball: https://packages.atlassian.com/api/npm/npm-remote/react-dom/-/react-dom-18.2.0.tgz}
    peerDependencies:
      react: ^18.2.0
    dependencies:
      loose-envify: 1.4.0
      react: 18.2.0
      scheduler: 0.23.0
    dev: false

  /react@18.2.0:
    resolution: {integrity: sha512-/3IjMdb2L9QbBdWiW5e3P2/npwMBaU9mHCSCUzNln0ZCYbcfTsGbTJrU/kGemdH2IWmB2ioZ+zkxtmq6g09fGQ==, tarball: https://packages.atlassian.com/api/npm/npm-remote/react/-/react-18.2.0.tgz}
    engines: {node: '>=0.10.0'}
    dependencies:
      loose-envify: 1.4.0
    dev: false

  /reactflow@11.7.0(react-dom@18.2.0)(react@18.2.0):
    resolution: {integrity: sha512-bjfJV1iQZ+VwIlvsnd4TbXNs6kuJ5ONscud6fNkF8RY/oU2VUZpdjA3q1zwmgnjmJcIhxuBiBI5VLGajYx/Ozg==, tarball: https://packages.atlassian.com/api/npm/npm-remote/reactflow/-/reactflow-11.7.0.tgz}
    peerDependencies:
      react: '>=17'
      react-dom: '>=17'
    dependencies:
      '@reactflow/background': 11.2.0(react-dom@18.2.0)(react@18.2.0)
      '@reactflow/controls': 11.1.11(react-dom@18.2.0)(react@18.2.0)
      '@reactflow/core': 11.7.0(react-dom@18.2.0)(react@18.2.0)
      '@reactflow/minimap': 11.5.0(react-dom@18.2.0)(react@18.2.0)
      '@reactflow/node-resizer': 2.1.0(react-dom@18.2.0)(react@18.2.0)
      '@reactflow/node-toolbar': 1.1.11(react-dom@18.2.0)(react@18.2.0)
      react: 18.2.0
      react-dom: 18.2.0(react@18.2.0)
    transitivePeerDependencies:
      - immer
    dev: false

  /resolve@1.22.2:
    resolution: {integrity: sha512-Sb+mjNHOULsBv818T40qSPeRiuWLyaGMa5ewydRLFimneixmVy2zdivRl+AF6jaYPC8ERxGDmFSiqui6SfPd+g==, tarball: https://packages.atlassian.com/api/npm/npm-remote/resolve/-/resolve-1.22.2.tgz}
    hasBin: true
    dependencies:
      is-core-module: 2.11.0
      path-parse: 1.0.7
      supports-preserve-symlinks-flag: 1.0.0
    dev: true

  /rollup@3.20.2:
    resolution: {integrity: sha512-3zwkBQl7Ai7MFYQE0y1MeQ15+9jsi7XxfrqwTb/9EK8D9C9+//EBR4M+CuA1KODRaNbFez/lWxA5vhEGZp4MUg==, tarball: https://packages.atlassian.com/api/npm/npm-remote/rollup/-/rollup-3.20.2.tgz}
    engines: {node: '>=14.18.0', npm: '>=8.0.0'}
    hasBin: true
    optionalDependencies:
      fsevents: 2.3.2
    dev: true

  /scheduler@0.23.0:
    resolution: {integrity: sha512-CtuThmgHNg7zIZWAXi3AsyIzA3n4xx7aNyjwC2VJldO2LMVDhFK+63xGqq6CsJH4rTAt6/M+N4GhZiDYPx9eUw==, tarball: https://packages.atlassian.com/api/npm/npm-remote/scheduler/-/scheduler-0.23.0.tgz}
    dependencies:
      loose-envify: 1.4.0
    dev: false

  /source-map-js@1.0.2:
    resolution: {integrity: sha512-R0XvVJ9WusLiqTCEiGCmICCMplcCkIwwR11mOSD9CR5u+IXYdiseeEuXCVAjS54zqwkLcPNnmU4OeJ6tUrWhDw==, tarball: https://packages.atlassian.com/api/npm/npm-remote/source-map-js/-/source-map-js-1.0.2.tgz}
    engines: {node: '>=0.10.0'}
    dev: true

  /supports-preserve-symlinks-flag@1.0.0:
    resolution: {integrity: sha512-ot0WnXS9fgdkgIcePe6RHNk1WA8+muPa6cSjeR3V8K27q9BB1rTE3R1p7Hv0z1ZyAc8s6Vvv8DIyWf681MAt0w==, tarball: https://packages.atlassian.com/api/npm/npm-remote/supports-preserve-symlinks-flag/-/supports-preserve-symlinks-flag-1.0.0.tgz}
    engines: {node: '>= 0.4'}
    dev: true

  /tslib@2.5.0:
    resolution: {integrity: sha512-336iVw3rtn2BUK7ORdIAHTyxHGRIHVReokCR3XjbckJMK7ms8FysBfhLR8IXnAgy7T0PTPNBWKiH514FOW/WSg==, tarball: https://packages.atlassian.com/api/npm/npm-remote/tslib/-/tslib-2.5.0.tgz}
    dev: true

  /typescript@4.9.3:
    resolution: {integrity: sha512-CIfGzTelbKNEnLpLdGFgdyKhG23CKdKgQPOBc+OUNrkJ2vr+KSzsSV5kq5iWhEQbok+quxgGzrAtGWCyU7tHnA==, tarball: https://packages.atlassian.com/api/npm/npm-remote/typescript/-/typescript-4.9.3.tgz}
    engines: {node: '>=4.2.0'}
    hasBin: true
    dev: true

  /use-sync-external-store@1.2.0(react@18.2.0):
    resolution: {integrity: sha512-eEgnFxGQ1Ife9bzYs6VLi8/4X6CObHMw9Qr9tPY43iKwsPw8xE8+EFsf/2cFZ5S3esXgpWgtSCtLNS41F+sKPA==, tarball: https://packages.atlassian.com/api/npm/npm-remote/use-sync-external-store/-/use-sync-external-store-1.2.0.tgz}
    peerDependencies:
      react: ^16.8.0 || ^17.0.0 || ^18.0.0
    dependencies:
      react: 18.2.0
    dev: false

  /vite@4.2.0:
    resolution: {integrity: sha512-AbDTyzzwuKoRtMIRLGNxhLRuv1FpRgdIw+1y6AQG73Q5+vtecmvzKo/yk8X/vrHDpETRTx01ABijqUHIzBXi0g==, tarball: https://packages.atlassian.com/api/npm/npm-remote/vite/-/vite-4.2.0.tgz}
    engines: {node: ^14.18.0 || >=16.0.0}
    hasBin: true
    peerDependencies:
      '@types/node': '>= 14'
      less: '*'
      sass: '*'
      stylus: '*'
      sugarss: '*'
      terser: ^5.4.0
    peerDependenciesMeta:
      '@types/node':
        optional: true
      less:
        optional: true
      sass:
        optional: true
      stylus:
        optional: true
      sugarss:
        optional: true
      terser:
        optional: true
    dependencies:
      esbuild: 0.17.15
      postcss: 8.4.21
      resolve: 1.22.2
      rollup: 3.20.2
    optionalDependencies:
      fsevents: 2.3.2
    dev: true

  /zustand@4.3.7(react@18.2.0):
    resolution: {integrity: sha512-dY8ERwB9Nd21ellgkBZFhudER8KVlelZm8388B5nDAXhO/+FZDhYMuRnqDgu5SYyRgz/iaf8RKnbUs/cHfOGlQ==, tarball: https://packages.atlassian.com/api/npm/npm-remote/zustand/-/zustand-4.3.7.tgz}
    engines: {node: '>=12.7.0'}
    peerDependencies:
      immer: '>=9.0'
      react: '>=16.8'
    peerDependenciesMeta:
      immer:
        optional: true
      react:
        optional: true
    dependencies:
      react: 18.2.0
      use-sync-external-store: 1.2.0(react@18.2.0)
    dev: false
